// !$*UTF8*$!
{
	archiveVersion = 1;
	classes = {
	};
	objectVersion = 77;
	objects = {

/* Begin PBXBuildFile section */
		0836DA213C5AC44A2517FEE9 /* Discovery.swift in Sources */ = {isa = PBXBuildFile; fileRef = "TEMP_BFD764C6-8CD6-4B5A-8A61-D5308953CE90" /* Discovery.swift */; };
		09EFB4BD2E33436156ADBA28 /* LedLanguage.swift in Sources */ = {isa = PBXBuildFile; fileRef = "TEMP_F93A1B52-3D86-44A6-A17B-BFDEE9B7A615" /* LedLanguage.swift */; };
		17F96385D0BE4A9D2D9B09CC /* RelayClient.swift in Sources */ = {isa = PBXBuildFile; fileRef = "TEMP_97D733FB-6916-4E6B-93B7-6A78651E41C5" /* RelayClient.swift */; };
		1DD32CEBD6A7E64B01992A5E /* ContentView.swift in Sources */ = {isa = PBXBuildFile; fileRef = "TEMP_BE0ED93D-A62D-4A35-9E3A-9C19537C551D" /* ContentView.swift */; };
		2154054F9BB7E6910FD0ADD0 /* Brain.swift in Sources */ = {isa = PBXBuildFile; fileRef = "TEMP_7C63F85E-9424-4554-8A05-59ABE3B03761" /* Brain.swift */; };
		27C622524F8381599A3A099E /* WiFiProvisioner.swift in Sources */ = {isa = PBXBuildFile; fileRef = "TEMP_084AFADB-2B3F-4A57-A38C-F50BE18D7B80" /* WiFiProvisioner.swift */; };
		29EE592EEC23BAE7A8852D5D /* AuthStore.swift in Sources */ = {isa = PBXBuildFile; fileRef = "TEMP_487400AD-0EE8-4B42-8605-B71A875CFF64" /* AuthStore.swift */; };
		434A1D3A2B0A5C7C4A9788D4 /* Dispatcher.swift in Sources */ = {isa = PBXBuildFile; fileRef = "TEMP_AAF7176D-B65C-4C46-A68B-8A36D0349974" /* Dispatcher.swift */; };
		482C8D1169A0F1DFC0DB0EF0 /* RobotBrainApp.swift in Sources */ = {isa = PBXBuildFile; fileRef = "TEMP_C879C741-0267-45EA-8D55-B1376A69EA2B" /* RobotBrainApp.swift */; };
		54BEB5CD5BD789ED2DE0F028 /* RobotController.swift in Sources */ = {isa = PBXBuildFile; fileRef = "TEMP_3697BCA5-2576-4710-BE1D-1DD62011EC27" /* RobotController.swift */; };
		6059993C4AF96AAF0D7A8A67 /* FirebaseAuth in Frameworks */ = {isa = PBXBuildFile; productRef = 1A9CA574710399D4A27510EF /* FirebaseAuth */; };
		6CA8A37AFD3EA66C039EA226 /* Speech.swift in Sources */ = {isa = PBXBuildFile; fileRef = "TEMP_618EA49E-BD5A-4D29-A35A-0A48BE847E5C" /* Speech.swift */; };
		7008468A284B230BB252CF13 /* Localizable.strings in Resources */ = {isa = PBXBuildFile; fileRef = "TEMP_7A801067-717D-49E9-B795-E22B661863C1" /* Localizable.strings */; };
		AE350B7753A64AE39919CA1E /* CarLink.swift in Sources */ = {isa = PBXBuildFile; fileRef = "TEMP_C9489E4C-D885-44A1-AC08-25B68D8E4CB1" /* CarLink.swift */; };
		E56F3CAB40FA6D9FC684CF5B /* Assets.xcassets in Resources */ = {isa = PBXBuildFile; fileRef = "TEMP_B6F15B02-1372-42B3-9DC4-5EB9172B3390" /* Assets.xcassets */; };
		EC3F79594CB8A0987D0CEA91 /* WiFiSetupView.swift in Sources */ = {isa = PBXBuildFile; fileRef = "TEMP_8B4B9B14-041F-4927-813E-9D5CB663354C" /* WiFiSetupView.swift */; };
		F025F5943592221007736E87 /* GoogleService-Info.plist in Resources */ = {isa = PBXBuildFile; fileRef = "TEMP_A9DB879E-7B9F-4674-B592-D1B557EA4E7D" /* GoogleService-Info.plist */; };
		F23CA30C03FFA84A61E09DF6 /* FirebaseCore in Frameworks */ = {isa = PBXBuildFile; productRef = 9A393CF887FF1AF82715B2A6 /* FirebaseCore */; };
/* End PBXBuildFile section */

/* Begin PBXFileReference section */
		32263FB03273712BE661E552 /* RobotBrain.app */ = {isa = PBXFileReference; includeInIndex = 0; lastKnownFileType = wrapper.application; path = RobotBrain.app; sourceTree = BUILT_PRODUCTS_DIR; };
		"TEMP_047EAF52-1AB9-49C6-99FD-A509E903538C" /* Info.plist */ = {isa = PBXFileReference; lastKnownFileType = text.plist; path = Info.plist; sourceTree = "<group>"; };
		"TEMP_084AFADB-2B3F-4A57-A38C-F50BE18D7B80" /* WiFiProvisioner.swift */ = {isa = PBXFileReference; lastKnownFileType = sourcecode.swift; path = WiFiProvisioner.swift; sourceTree = "<group>"; };
		"TEMP_15E9C8BD-429D-4DCD-8FFD-D9FA9776A3A1" /* ja */ = {isa = PBXFileReference; lastKnownFileType = text.plist.strings; name = ja; path = ja.lproj/Localizable.strings; sourceTree = "<group>"; };
		"TEMP_3697BCA5-2576-4710-BE1D-1DD62011EC27" /* RobotController.swift */ = {isa = PBXFileReference; lastKnownFileType = sourcecode.swift; path = RobotController.swift; sourceTree = "<group>"; };
		"TEMP_487400AD-0EE8-4B42-8605-B71A875CFF64" /* AuthStore.swift */ = {isa = PBXFileReference; lastKnownFileType = sourcecode.swift; path = AuthStore.swift; sourceTree = "<group>"; };
		"TEMP_5FFEFA01-2706-4E8A-9AD8-F751B7F826B7" /* en */ = {isa = PBXFileReference; lastKnownFileType = text.plist.strings; name = en; path = en.lproj/Localizable.strings; sourceTree = "<group>"; };
		"TEMP_618EA49E-BD5A-4D29-A35A-0A48BE847E5C" /* Speech.swift */ = {isa = PBXFileReference; lastKnownFileType = sourcecode.swift; path = Speech.swift; sourceTree = "<group>"; };
		"TEMP_7C63F85E-9424-4554-8A05-59ABE3B03761" /* Brain.swift */ = {isa = PBXFileReference; lastKnownFileType = sourcecode.swift; path = Brain.swift; sourceTree = "<group>"; };
		"TEMP_8B4B9B14-041F-4927-813E-9D5CB663354C" /* WiFiSetupView.swift */ = {isa = PBXFileReference; lastKnownFileType = sourcecode.swift; path = WiFiSetupView.swift; sourceTree = "<group>"; };
		"TEMP_97D733FB-6916-4E6B-93B7-6A78651E41C5" /* RelayClient.swift */ = {isa = PBXFileReference; lastKnownFileType = sourcecode.swift; path = RelayClient.swift; sourceTree = "<group>"; };
		"TEMP_A9DB879E-7B9F-4674-B592-D1B557EA4E7D" /* GoogleService-Info.plist */ = {isa = PBXFileReference; lastKnownFileType = text.plist; path = "GoogleService-Info.plist"; sourceTree = "<group>"; };
		"TEMP_AAF7176D-B65C-4C46-A68B-8A36D0349974" /* Dispatcher.swift */ = {isa = PBXFileReference; lastKnownFileType = sourcecode.swift; path = Dispatcher.swift; sourceTree = "<group>"; };
		"TEMP_B6F15B02-1372-42B3-9DC4-5EB9172B3390" /* Assets.xcassets */ = {isa = PBXFileReference; lastKnownFileType = folder.assetcatalog; path = Assets.xcassets; sourceTree = "<group>"; };
		"TEMP_BE0ED93D-A62D-4A35-9E3A-9C19537C551D" /* ContentView.swift */ = {isa = PBXFileReference; lastKnownFileType = sourcecode.swift; path = ContentView.swift; sourceTree = "<group>"; };
		"TEMP_BFD764C6-8CD6-4B5A-8A61-D5308953CE90" /* Discovery.swift */ = {isa = PBXFileReference; lastKnownFileType = sourcecode.swift; path = Discovery.swift; sourceTree = "<group>"; };
		"TEMP_C879C741-0267-45EA-8D55-B1376A69EA2B" /* RobotBrainApp.swift */ = {isa = PBXFileReference; lastKnownFileType = sourcecode.swift; path = RobotBrainApp.swift; sourceTree = "<group>"; };
		"TEMP_C9489E4C-D885-44A1-AC08-25B68D8E4CB1" /* CarLink.swift */ = {isa = PBXFileReference; lastKnownFileType = sourcecode.swift; path = CarLink.swift; sourceTree = "<group>"; };
		"TEMP_F93A1B52-3D86-44A6-A17B-BFDEE9B7A615" /* LedLanguage.swift */ = {isa = PBXFileReference; lastKnownFileType = sourcecode.swift; path = LedLanguage.swift; sourceTree = "<group>"; };
/* End PBXFileReference section */

/* Begin PBXFrameworksBuildPhase section */
		5C4E1826CE407DD2654D9AFF /* Frameworks */ = {
			isa = PBXFrameworksBuildPhase;
			buildActionMask = 2147483647;
			files = (
				6059993C4AF96AAF0D7A8A67 /* FirebaseAuth in Frameworks */,
				F23CA30C03FFA84A61E09DF6 /* FirebaseCore in Frameworks */,
			);
			runOnlyForDeploymentPostprocessing = 0;
		};
/* End PBXFrameworksBuildPhase section */

/* Begin PBXGroup section */
		8E0A53EAF97A5A3691B2490C /* Products */ = {
			isa = PBXGroup;
			children = (
				32263FB03273712BE661E552 /* RobotBrain.app */,
			);
			name = Products;
			sourceTree = "<group>";
		};
		D15EF6849E8DA58D17E57A34 = {
			isa = PBXGroup;
			children = (
				8E0A53EAF97A5A3691B2490C /* Products */,
			);
			sourceTree = "<group>";
		};
		"TEMP_1C760789-F0EF-4F95-B26A-E039413495F4" /* . */ = {
			isa = PBXGroup;
			children = (
				"TEMP_8B4B9B14-041F-4927-813E-9D5CB663354C" /* WiFiSetupView.swift */,
				"TEMP_AAF7176D-B65C-4C46-A68B-8A36D0349974" /* Dispatcher.swift */,
				"TEMP_618EA49E-BD5A-4D29-A35A-0A48BE847E5C" /* Speech.swift */,
				"TEMP_B6F15B02-1372-42B3-9DC4-5EB9172B3390" /* Assets.xcassets */,
				"TEMP_C9489E4C-D885-44A1-AC08-25B68D8E4CB1" /* CarLink.swift */,
				"TEMP_A9DB879E-7B9F-4674-B592-D1B557EA4E7D" /* GoogleService-Info.plist */,
				"TEMP_F93A1B52-3D86-44A6-A17B-BFDEE9B7A615" /* LedLanguage.swift */,
				"TEMP_BFD764C6-8CD6-4B5A-8A61-D5308953CE90" /* Discovery.swift */,
				"TEMP_97D733FB-6916-4E6B-93B7-6A78651E41C5" /* RelayClient.swift */,
				"TEMP_3697BCA5-2576-4710-BE1D-1DD62011EC27" /* RobotController.swift */,
				"TEMP_487400AD-0EE8-4B42-8605-B71A875CFF64" /* AuthStore.swift */,
				"TEMP_7C63F85E-9424-4554-8A05-59ABE3B03761" /* Brain.swift */,
				"TEMP_084AFADB-2B3F-4A57-A38C-F50BE18D7B80" /* WiFiProvisioner.swift */,
				"TEMP_C879C741-0267-45EA-8D55-B1376A69EA2B" /* RobotBrainApp.swift */,
				"TEMP_BE0ED93D-A62D-4A35-9E3A-9C19537C551D" /* ContentView.swift */,
				"TEMP_047EAF52-1AB9-49C6-99FD-A509E903538C" /* Info.plist */,
				"TEMP_7A801067-717D-49E9-B795-E22B661863C1" /* Localizable.strings */,
			);
			name = .;
			path = .;
			sourceTree = "<group>";
		};
/* End PBXGroup section */

/* Begin PBXNativeTarget section */
		8B1A5BD9188DAE74D01A0D67 /* RobotBrain */ = {
			isa = PBXNativeTarget;
			buildConfigurationList = A5A6B92D21DA501531D92614 /* Build configuration list for PBXNativeTarget "RobotBrain" */;
			buildPhases = (
				C28735877F7FED16DD212F2A /* Sources */,
				60B1E6ED3122AA57C0DA827B /* Resources */,
				5C4E1826CE407DD2654D9AFF /* Frameworks */,
			);
			buildRules = (
			);
			dependencies = (
			);
			name = RobotBrain;
			packageProductDependencies = (
				1A9CA574710399D4A27510EF /* FirebaseAuth */,
				9A393CF887FF1AF82715B2A6 /* FirebaseCore */,
			);
			productName = RobotBrain;
			productReference = 32263FB03273712BE661E552 /* RobotBrain.app */;
			productType = "com.apple.product-type.application";
		};
/* End PBXNativeTarget section */

/* Begin PBXProject section */
		4A305B8B3A28DB658B112C4B /* Project object */ = {
			isa = PBXProject;
			attributes = {
				BuildIndependentTargetsInParallel = YES;
				LastUpgradeCheck = 1430;
				TargetAttributes = {
					8B1A5BD9188DAE74D01A0D67 = {
						DevelopmentTeam = "";
						ProvisioningStyle = Automatic;
					};
				};
			};
			buildConfigurationList = 64B2038D0CCD936E7CC54E9C /* Build configuration list for PBXProject "RobotBrain" */;
			developmentRegion = en;
			hasScannedForEncodings = 0;
			knownRegions = (
				Base,
				en,
				ja,
			);
			mainGroup = D15EF6849E8DA58D17E57A34;
			minimizedProjectReferenceProxies = 1;
			packageReferences = (
				E2451D5AFCE8D48026919EE4 /* XCRemoteSwiftPackageReference "firebase-ios-sdk" */,
			);
			preferredProjectObjectVersion = 77;
			productRefGroup = 8E0A53EAF97A5A3691B2490C /* Products */;
			projectDirPath = "";
			projectRoot = "";
			targets = (
				8B1A5BD9188DAE74D01A0D67 /* RobotBrain */,
			);
		};
/* End PBXProject section */

/* Begin PBXResourcesBuildPhase section */
		60B1E6ED3122AA57C0DA827B /* Resources */ = {
			isa = PBXResourcesBuildPhase;
			buildActionMask = 2147483647;
			files = (
				E56F3CAB40FA6D9FC684CF5B /* Assets.xcassets in Resources */,
				F025F5943592221007736E87 /* GoogleService-Info.plist in Resources */,
				7008468A284B230BB252CF13 /* Localizable.strings in Resources */,
			);
			runOnlyForDeploymentPostprocessing = 0;
		};
/* End PBXResourcesBuildPhase section */

/* Begin PBXSourcesBuildPhase section */
		C28735877F7FED16DD212F2A /* Sources */ = {
			isa = PBXSourcesBuildPhase;
			buildActionMask = 2147483647;
			files = (
				29EE592EEC23BAE7A8852D5D /* AuthStore.swift in Sources */,
				2154054F9BB7E6910FD0ADD0 /* Brain.swift in Sources */,
				AE350B7753A64AE39919CA1E /* CarLink.swift in Sources */,
				1DD32CEBD6A7E64B01992A5E /* ContentView.swift in Sources */,
				0836DA213C5AC44A2517FEE9 /* Discovery.swift in Sources */,
				434A1D3A2B0A5C7C4A9788D4 /* Dispatcher.swift in Sources */,
				09EFB4BD2E33436156ADBA28 /* LedLanguage.swift in Sources */,
				17F96385D0BE4A9D2D9B09CC /* RelayClient.swift in Sources */,
				482C8D1169A0F1DFC0DB0EF0 /* RobotBrainApp.swift in Sources */,
				54BEB5CD5BD789ED2DE0F028 /* RobotController.swift in Sources */,
				6CA8A37AFD3EA66C039EA226 /* Speech.swift in Sources */,
				27C622524F8381599A3A099E /* WiFiProvisioner.swift in Sources */,
				EC3F79594CB8A0987D0CEA91 /* WiFiSetupView.swift in Sources */,
			);
			runOnlyForDeploymentPostprocessing = 0;
		};
/* End PBXSourcesBuildPhase section */

/* Begin PBXVariantGroup section */
		"TEMP_7A801067-717D-49E9-B795-E22B661863C1" /* Localizable.strings */ = {
			isa = PBXVariantGroup;
			children = (
				"TEMP_15E9C8BD-429D-4DCD-8FFD-D9FA9776A3A1" /* ja */,
				"TEMP_5FFEFA01-2706-4E8A-9AD8-F751B7F826B7" /* en */,
			);
			name = Localizable.strings;
			sourceTree = "<group>";
		};
/* End PBXVariantGroup section */

/* Begin XCBuildConfiguration section */
		3975F8B5E9F1BC283DDF9388 /* Debug */ = {
			isa = XCBuildConfiguration;
			buildSettings = {
				ASSETCATALOG_COMPILER_APPICON_NAME = AppIcon;
				CODE_SIGN_ENTITLEMENTS = RobotBrain.entitlements;
				CODE_SIGN_IDENTITY = "iPhone Developer";
				CODE_SIGN_STYLE = Automatic;
				CURRENT_PROJECT_VERSION = 1;
				DEVELOPMENT_TEAM = "";
				INFOPLIST_FILE = Info.plist;
				INFOPLIST_KEY_CFBundleDisplayName = RobotBrain;
				LD_RUNPATH_SEARCH_PATHS = (
					"$(inherited)",
					"@executable_path/Frameworks",
				);
				MARKETING_VERSION = 1.1.54;
				PRODUCT_BUNDLE_IDENTIFIER = com.example.robotbrainai;
				SDKROOT = iphoneos;
				SWIFT_VERSION = 5.9;
				TARGETED_DEVICE_FAMILY = 1;
			};
			name = Debug;
		};
		C5430D2C6B759A845E6BEDC7 /* Debug */ = {
			isa = XCBuildConfiguration;
			buildSettings = {
				ALWAYS_SEARCH_USER_PATHS = NO;
				CLANG_ANALYZER_NONNULL = YES;
				CLANG_ANALYZER_NUMBER_OBJECT_CONVERSION = YES_AGGRESSIVE;
				CLANG_CXX_LANGUAGE_STANDARD = "gnu++14";
				CLANG_CXX_LIBRARY = "libc++";
				CLANG_ENABLE_MODULES = YES;
				CLANG_ENABLE_OBJC_ARC = YES;
				CLANG_ENABLE_OBJC_WEAK = YES;
				CLANG_WARN_BLOCK_CAPTURE_AUTORELEASING = YES;
				CLANG_WARN_BOOL_CONVERSION = YES;
				CLANG_WARN_COMMA = YES;
				CLANG_WARN_CONSTANT_CONVERSION = YES;
				CLANG_WARN_DEPRECATED_OBJC_IMPLEMENTATIONS = YES;
				CLANG_WARN_DIRECT_OBJC_ISA_USAGE = YES_ERROR;
				CLANG_WARN_DOCUMENTATION_COMMENTS = YES;
				CLANG_WARN_EMPTY_BODY = YES;
				CLANG_WARN_ENUM_CONVERSION = YES;
				CLANG_WARN_INFINITE_RECURSION = YES;
				CLANG_WARN_INT_CONVERSION = YES;
				CLANG_WARN_NON_LITERAL_NULL_CONVERSION = YES;
				CLANG_WARN_OBJC_IMPLICIT_RETAIN_SELF = YES;
				CLANG_WARN_OBJC_LITERAL_CONVERSION = YES;
				CLANG_WARN_OBJC_ROOT_CLASS = YES_ERROR;
				CLANG_WARN_QUOTED_INCLUDE_IN_FRAMEWORK_HEADER = YES;
				CLANG_WARN_RANGE_LOOP_ANALYSIS = YES;
				CLANG_WARN_STRICT_PROTOTYPES = YES;
				CLANG_WARN_SUSPICIOUS_MOVE = YES;
				CLANG_WARN_UNGUARDED_AVAILABILITY = YES_AGGRESSIVE;
				CLANG_WARN_UNREACHABLE_CODE = YES;
				CLANG_WARN__DUPLICATE_METHOD_MATCH = YES;
				COPY_PHASE_STRIP = NO;
				DEBUG_INFORMATION_FORMAT = dwarf;
				ENABLE_STRICT_OBJC_MSGSEND = YES;
				ENABLE_TESTABILITY = YES;
				GCC_C_LANGUAGE_STANDARD = gnu11;
				GCC_DYNAMIC_NO_PIC = NO;
				GCC_NO_COMMON_BLOCKS = YES;
				GCC_OPTIMIZATION_LEVEL = 0;
				GCC_PREPROCESSOR_DEFINITIONS = (
					"$(inherited)",
					"DEBUG=1",
				);
				GCC_WARN_64_TO_32_BIT_CONVERSION = YES;
				GCC_WARN_ABOUT_RETURN_TYPE = YES_ERROR;
				GCC_WARN_UNDECLARED_SELECTOR = YES;
				GCC_WARN_UNINITIALIZED_AUTOS = YES_AGGRESSIVE;
				GCC_WARN_UNUSED_FUNCTION = YES;
				GCC_WARN_UNUSED_VARIABLE = YES;
				IPHONEOS_DEPLOYMENT_TARGET = 17.0;
				MTL_ENABLE_DEBUG_INFO = INCLUDE_SOURCE;
				MTL_FAST_MATH = YES;
				ONLY_ACTIVE_ARCH = YES;
				PRODUCT_NAME = "$(TARGET_NAME)";
				SDKROOT = iphoneos;
				SWIFT_ACTIVE_COMPILATION_CONDITIONS = DEBUG;
				SWIFT_OPTIMIZATION_LEVEL = "-Onone";
				SWIFT_VERSION = 5.0;
			};
			name = Debug;
		};
		C6A1906F2CBB1A0A24479612 /* Release */ = {
			isa = XCBuildConfiguration;
			buildSettings = {
				ALWAYS_SEARCH_USER_PATHS = NO;
				CLANG_ANALYZER_NONNULL = YES;
				CLANG_ANALYZER_NUMBER_OBJECT_CONVERSION = YES_AGGRESSIVE;
				CLANG_CXX_LANGUAGE_STANDARD = "gnu++14";
				CLANG_CXX_LIBRARY = "libc++";
				CLANG_ENABLE_MODULES = YES;
				CLANG_ENABLE_OBJC_ARC = YES;
				CLANG_ENABLE_OBJC_WEAK = YES;
				CLANG_WARN_BLOCK_CAPTURE_AUTORELEASING = YES;
				CLANG_WARN_BOOL_CONVERSION = YES;
				CLANG_WARN_COMMA = YES;
				CLANG_WARN_CONSTANT_CONVERSION = YES;
				CLANG_WARN_DEPRECATED_OBJC_IMPLEMENTATIONS = YES;
				CLANG_WARN_DIRECT_OBJC_ISA_USAGE = YES_ERROR;
				CLANG_WARN_DOCUMENTATION_COMMENTS = YES;
				CLANG_WARN_EMPTY_BODY = YES;
				CLANG_WARN_ENUM_CONVERSION = YES;
				CLANG_WARN_INFINITE_RECURSION = YES;
				CLANG_WARN_INT_CONVERSION = YES;
				CLANG_WARN_NON_LITERAL_NULL_CONVERSION = YES;
				CLANG_WARN_OBJC_IMPLICIT_RETAIN_SELF = YES;
				CLANG_WARN_OBJC_LITERAL_CONVERSION = YES;
				CLANG_WARN_OBJC_ROOT_CLASS = YES_ERROR;
				CLANG_WARN_QUOTED_INCLUDE_IN_FRAMEWORK_HEADER = YES;
				CLANG_WARN_RANGE_LOOP_ANALYSIS = YES;
				CLANG_WARN_STRICT_PROTOTYPES = YES;
				CLANG_WARN_SUSPICIOUS_MOVE = YES;
				CLANG_WARN_UNGUARDED_AVAILABILITY = YES_AGGRESSIVE;
				CLANG_WARN_UNREACHABLE_CODE = YES;
				CLANG_WARN__DUPLICATE_METHOD_MATCH = YES;
				COPY_PHASE_STRIP = NO;
				DEBUG_INFORMATION_FORMAT = "dwarf-with-dsym";
				ENABLE_NS_ASSERTIONS = NO;
				ENABLE_STRICT_OBJC_MSGSEND = YES;
				GCC_C_LANGUAGE_STANDARD = gnu11;
				GCC_NO_COMMON_BLOCKS = YES;
				GCC_WARN_64_TO_32_BIT_CONVERSION = YES;
				GCC_WARN_ABOUT_RETURN_TYPE = YES_ERROR;
				GCC_WARN_UNDECLARED_SELECTOR = YES;
				GCC_WARN_UNINITIALIZED_AUTOS = YES_AGGRESSIVE;
				GCC_WARN_UNUSED_FUNCTION = YES;
				GCC_WARN_UNUSED_VARIABLE = YES;
				IPHONEOS_DEPLOYMENT_TARGET = 17.0;
				MTL_ENABLE_DEBUG_INFO = NO;
				MTL_FAST_MATH = YES;
				PRODUCT_NAME = "$(TARGET_NAME)";
				SDKROOT = iphoneos;
				SWIFT_COMPILATION_MODE = wholemodule;
				SWIFT_OPTIMIZATION_LEVEL = "-O";
				SWIFT_VERSION = 5.0;
			};
			name = Release;
		};
		FF798A72F72A0222962104A0 /* Release */ = {
			isa = XCBuildConfiguration;
			buildSettings = {
				ASSETCATALOG_COMPILER_APPICON_NAME = AppIcon;
				CODE_SIGN_ENTITLEMENTS = RobotBrain.entitlements;
				CODE_SIGN_IDENTITY = "iPhone Developer";
				CODE_SIGN_STYLE = Automatic;
				CURRENT_PROJECT_VERSION = 1;
				DEVELOPMENT_TEAM = "";
				INFOPLIST_FILE = Info.plist;
				INFOPLIST_KEY_CFBundleDisplayName = RobotBrain;
				LD_RUNPATH_SEARCH_PATHS = (
					"$(inherited)",
					"@executable_path/Frameworks",
				);
				MARKETING_VERSION = 1.1.54;
				PRODUCT_BUNDLE_IDENTIFIER = com.example.robotbrainai;
				SDKROOT = iphoneos;
				SWIFT_VERSION = 5.9;
				TARGETED_DEVICE_FAMILY = 1;
			};
			name = Release;
		};
/* End XCBuildConfiguration section */

/* Begin XCConfigurationList section */
		64B2038D0CCD936E7CC54E9C /* Build configuration list for PBXProject "RobotBrain" */ = {
			isa = XCConfigurationList;
			buildConfigurations = (
				C5430D2C6B759A845E6BEDC7 /* Debug */,
				C6A1906F2CBB1A0A24479612 /* Release */,
			);
			defaultConfigurationIsVisible = 0;
			defaultConfigurationName = Debug;
		};
		A5A6B92D21DA501531D92614 /* Build configuration list for PBXNativeTarget "RobotBrain" */ = {
			isa = XCConfigurationList;
			buildConfigurations = (
				3975F8B5E9F1BC283DDF9388 /* Debug */,
				FF798A72F72A0222962104A0 /* Release */,
			);
			defaultConfigurationIsVisible = 0;
			defaultConfigurationName = Debug;
		};
/* End XCConfigurationList section */

/* Begin XCRemoteSwiftPackageReference section */
		E2451D5AFCE8D48026919EE4 /* XCRemoteSwiftPackageReference "firebase-ios-sdk" */ = {
			isa = XCRemoteSwiftPackageReference;
			repositoryURL = "https://github.com/firebase/firebase-ios-sdk";
			requirement = {
				kind = upToNextMajorVersion;
				minimumVersion = 11.6.0;
			};
		};
/* End XCRemoteSwiftPackageReference section */

/* Begin XCSwiftPackageProductDependency section */
		1A9CA574710399D4A27510EF /* FirebaseAuth */ = {
			isa = XCSwiftPackageProductDependency;
			package = E2451D5AFCE8D48026919EE4 /* XCRemoteSwiftPackageReference "firebase-ios-sdk" */;
			productName = FirebaseAuth;
		};
		9A393CF887FF1AF82715B2A6 /* FirebaseCore */ = {
			isa = XCSwiftPackageProductDependency;
			package = E2451D5AFCE8D48026919EE4 /* XCRemoteSwiftPackageReference "firebase-ios-sdk" */;
			productName = FirebaseCore;
		};
/* End XCSwiftPackageProductDependency section */
	};
	rootObject = 4A305B8B3A28DB658B112C4B /* Project object */;
}
